
Microsoft Visual Studio Solution File, Format Version 12.00
# Visual Studio Version 16
VisualStudioVersion = 16.0.31624.102
MinimumVisualStudioVersion = 10.0.40219.1
Project("{FAE04EC0-301F-11D3-BF4B-00C04F79EFBC}") = "OdeToFood.Web", "OdeToFood.Web\OdeToFood.Web.csproj", "{FC07E724-7FF0-438A-A41E-50BE19CE0178}"
EndProject
Project("{FAE04EC0-301F-11D3-BF4B-00C04F79EFBC}") = "OdeToFood.Data", "OdeToFood.Data\OdeToFood.Data.csproj", "{1973A315-18D6-493F-9466-28C95F756F13}"
EndProject
Global
	GlobalSection(SolutionConfigurationPlatforms) = preSolution
		Debug|Any CPU = Debug|Any CPU
		Release|Any CPU = Release|Any CPU
	EndGlobalSection
	GlobalSection(ProjectConfigurationPlatforms) = postSolution
		{FC07E724-7FF0-438A-A41E-50BE19CE0178}.Debug|Any CPU.ActiveCfg = Debug|Any CPU
		{FC07E724-7FF0-438A-A41E-50BE19CE0178}.Debug|Any CPU.Build.0 = Debug|Any CPU
		{FC07E724-7FF0-438A-A41E-50BE19CE0178}.Release|Any CPU.ActiveCfg = Release|Any CPU
		{FC07E724-7FF0-438A-A41E-50BE19CE0178}.Release|Any CPU.Build.0 = Release|Any CPU
		{1973A315-18D6-493F-9466-28C95F756F13}.Debug|Any CPU.ActiveCfg = Debug|Any CPU
		{1973A315-18D6-493F-9466-28C95F756F13}.Debug|Any CPU.Build.0 = Debug|Any CPU
		{1973A315-18D6-493F-9466-28C95F756F13}.Release|Any CPU.ActiveCfg = Release|Any CPU
		{1973A315-18D6-493F-9466-28C95F756F13}.Release|Any CPU.Build.0 = Release|Any CPU
	EndGlobalSection
	GlobalSection(SolutionProperties) = preSolution
		HideSolutionNode = FALSE
	EndGlobalSection
	GlobalSection(ExtensibilityGlobals) = postSolution
		SolutionGuid = {E5638E82-9EC4-4D3D-9C2E-EAE1E5056950}
	EndGlobalSection
EndGlobal
